// !$*UTF8*$!
{
	archiveVersion = 1;
	classes = {
	};
	objectVersion = 48;
	objects = {

/* Begin PBXBuildFile section */
		3301F58F1FA713CE00A022F3 /* NovoEntryViewController.swift in Sources */ = {isa = PBXBuildFile; fileRef = 3301F58E1FA713CE00A022F3 /* NovoEntryViewController.swift */; };
		332090261FA07E640079A645 /* SetUpPasswordViewController.swift in Sources */ = {isa = PBXBuildFile; fileRef = 332090251FA07E640079A645 /* SetUpPasswordViewController.swift */; };
		332090281FA10E1B0079A645 /* SetUpProfileViewController.swift in Sources */ = {isa = PBXBuildFile; fileRef = 332090271FA10E1B0079A645 /* SetUpProfileViewController.swift */; };
		33B300271FAE662100860E48 /* CustomTextField.swift in Sources */ = {isa = PBXBuildFile; fileRef = 33B300261FAE662100860E48 /* CustomTextField.swift */; };
		33B74DCA1F9D82170084C28F /* AppDelegate.swift in Sources */ = {isa = PBXBuildFile; fileRef = 33B74DC91F9D82170084C28F /* AppDelegate.swift */; };
		33B74DCF1F9D82170084C28F /* Main.storyboard in Resources */ = {isa = PBXBuildFile; fileRef = 33B74DCD1F9D82170084C28F /* Main.storyboard */; };
		33B74DD11F9D82170084C28F /* Assets.xcassets in Resources */ = {isa = PBXBuildFile; fileRef = 33B74DD01F9D82170084C28F /* Assets.xcassets */; };
		33B74DD41F9D82170084C28F /* LaunchScreen.storyboard in Resources */ = {isa = PBXBuildFile; fileRef = 33B74DD21F9D82170084C28F /* LaunchScreen.storyboard */; };
		33B74DDF1F9D85050084C28F /* LoginViewController.swift in Sources */ = {isa = PBXBuildFile; fileRef = 33B74DDE1F9D85050084C28F /* LoginViewController.swift */; };
		33B74DE11F9D851C0084C28F /* RegisterViewController.swift in Sources */ = {isa = PBXBuildFile; fileRef = 33B74DE01F9D851C0084C28F /* RegisterViewController.swift */; };
		33B74DE31F9DC9A10084C28F /* GoogleService-Info.plist in Resources */ = {isa = PBXBuildFile; fileRef = 33B74DE21F9DC99E0084C28F /* GoogleService-Info.plist */; };
		33B74DE51F9DD1D20084C28F /* LoggedViewController.swift in Sources */ = {isa = PBXBuildFile; fileRef = 33B74DE41F9DD1D20084C28F /* LoggedViewController.swift */; };
		33B74DE81F9DDB760084C28F /* User.swift in Sources */ = {isa = PBXBuildFile; fileRef = 33B74DE71F9DDB760084C28F /* User.swift */; };
		33C727D61FB419D900BDD014 /* WelcomeLoggedViewController.swift in Sources */ = {isa = PBXBuildFile; fileRef = 33C727D51FB419D900BDD014 /* WelcomeLoggedViewController.swift */; };
		33CABCF01FB05F4500B20C85 /* SetUpProfilePictureViewController.swift in Sources */ = {isa = PBXBuildFile; fileRef = 33CABCEF1FB05F4500B20C85 /* SetUpProfilePictureViewController.swift */; };
		596FA55F178EA1286A05ADBD /* Pods_Eventos.framework in Frameworks */ = {isa = PBXBuildFile; fileRef = 7225E49B554F844870B4B58C /* Pods_Eventos.framework */; };
/* End PBXBuildFile section */

/* Begin PBXFileReference section */
		202F61B23E4A843C9AEDE7A2 /* Pods-Eventos.debug.xcconfig */ = {isa = PBXFileReference; includeInIndex = 1; lastKnownFileType = text.xcconfig; name = "Pods-Eventos.debug.xcconfig"; path = "Pods/Target Support Files/Pods-Eventos/Pods-Eventos.debug.xcconfig"; sourceTree = "<group>"; };
		2B0C41BD53FAD42889886B45 /* Pods-Eventos.release.xcconfig */ = {isa = PBXFileReference; includeInIndex = 1; lastKnownFileType = text.xcconfig; name = "Pods-Eventos.release.xcconfig"; path = "Pods/Target Support Files/Pods-Eventos/Pods-Eventos.release.xcconfig"; sourceTree = "<group>"; };
		3301F58E1FA713CE00A022F3 /* NovoEntryViewController.swift */ = {isa = PBXFileReference; lastKnownFileType = sourcecode.swift; path = NovoEntryViewController.swift; sourceTree = "<group>"; };
		332090251FA07E640079A645 /* SetUpPasswordViewController.swift */ = {isa = PBXFileReference; lastKnownFileType = sourcecode.swift; path = SetUpPasswordViewController.swift; sourceTree = "<group>"; };
		332090271FA10E1B0079A645 /* SetUpProfileViewController.swift */ = {isa = PBXFileReference; lastKnownFileType = sourcecode.swift; path = SetUpProfileViewController.swift; sourceTree = "<group>"; };
		33B300261FAE662100860E48 /* CustomTextField.swift */ = {isa = PBXFileReference; lastKnownFileType = sourcecode.swift; path = CustomTextField.swift; sourceTree = "<group>"; };
		33B74DC61F9D82170084C28F /* Eventos.app */ = {isa = PBXFileReference; explicitFileType = wrapper.application; includeInIndex = 0; path = Eventos.app; sourceTree = BUILT_PRODUCTS_DIR; };
		33B74DC91F9D82170084C28F /* AppDelegate.swift */ = {isa = PBXFileReference; lastKnownFileType = sourcecode.swift; path = AppDelegate.swift; sourceTree = "<group>"; };
		33B74DCE1F9D82170084C28F /* Base */ = {isa = PBXFileReference; lastKnownFileType = file.storyboard; name = Base; path = Base.lproj/Main.storyboard; sourceTree = "<group>"; };
		33B74DD01F9D82170084C28F /* Assets.xcassets */ = {isa = PBXFileReference; lastKnownFileType = folder.assetcatalog; path = Assets.xcassets; sourceTree = "<group>"; };
		33B74DD31F9D82170084C28F /* Base */ = {isa = PBXFileReference; lastKnownFileType = file.storyboard; name = Base; path = Base.lproj/LaunchScreen.storyboard; sourceTree = "<group>"; };
		33B74DD51F9D82170084C28F /* Info.plist */ = {isa = PBXFileReference; lastKnownFileType = text.plist.xml; path = Info.plist; sourceTree = "<group>"; };
		33B74DDE1F9D85050084C28F /* LoginViewController.swift */ = {isa = PBXFileReference; lastKnownFileType = sourcecode.swift; path = LoginViewController.swift; sourceTree = "<group>"; };
		33B74DE01F9D851C0084C28F /* RegisterViewController.swift */ = {isa = PBXFileReference; lastKnownFileType = sourcecode.swift; path = RegisterViewController.swift; sourceTree = "<group>"; };
		33B74DE21F9DC99E0084C28F /* GoogleService-Info.plist */ = {isa = PBXFileReference; lastKnownFileType = text.plist.xml; path = "GoogleService-Info.plist"; sourceTree = "<group>"; };
		33B74DE41F9DD1D20084C28F /* LoggedViewController.swift */ = {isa = PBXFileReference; lastKnownFileType = sourcecode.swift; path = LoggedViewController.swift; sourceTree = "<group>"; };
		33B74DE71F9DDB760084C28F /* User.swift */ = {isa = PBXFileReference; lastKnownFileType = sourcecode.swift; path = User.swift; sourceTree = "<group>"; };
		33C727D51FB419D900BDD014 /* WelcomeLoggedViewController.swift */ = {isa = PBXFileReference; lastKnownFileType = sourcecode.swift; path = WelcomeLoggedViewController.swift; sourceTree = "<group>"; };
		33CABCEF1FB05F4500B20C85 /* SetUpProfilePictureViewController.swift */ = {isa = PBXFileReference; lastKnownFileType = sourcecode.swift; path = SetUpProfilePictureViewController.swift; sourceTree = "<group>"; };
		7225E49B554F844870B4B58C /* Pods_Eventos.framework */ = {isa = PBXFileReference; explicitFileType = wrapper.framework; includeInIndex = 0; path = Pods_Eventos.framework; sourceTree = BUILT_PRODUCTS_DIR; };
/* End PBXFileReference section */

/* Begin PBXFrameworksBuildPhase section */
		33B74DC31F9D82170084C28F /* Frameworks */ = {
			isa = PBXFrameworksBuildPhase;
			buildActionMask = 2147483647;
			files = (
				596FA55F178EA1286A05ADBD /* Pods_Eventos.framework in Frameworks */,
			);
			runOnlyForDeploymentPostprocessing = 0;
		};
/* End PBXFrameworksBuildPhase section */

/* Begin PBXGroup section */
		33B74DBD1F9D82170084C28F = {
			isa = PBXGroup;
			children = (
				33B74DC81F9D82170084C28F /* Eventos */,
				33B74DC71F9D82170084C28F /* Products */,
				86AE9AEEFC7FF23CDFC9FE59 /* Pods */,
				655D568A76949D8336EA354D /* Frameworks */,
			);
			sourceTree = "<group>";
		};
		33B74DC71F9D82170084C28F /* Products */ = {
			isa = PBXGroup;
			children = (
				33B74DC61F9D82170084C28F /* Eventos.app */,
			);
			name = Products;
			sourceTree = "<group>";
		};
		33B74DC81F9D82170084C28F /* Eventos */ = {
			isa = PBXGroup;
			children = (
				33C727D01FB4188300BDD014 /* Controller */,
				33B74DDC1F9D82BE0084C28F /* View */,
				33C727D41FB4193D00BDD014 /* Module */,
			);
			path = Eventos;
			sourceTree = "<group>";
		};
		33B74DDC1F9D82BE0084C28F /* View */ = {
			isa = PBXGroup;
			children = (
				33B74DCD1F9D82170084C28F /* Main.storyboard */,
				33B74DD21F9D82170084C28F /* LaunchScreen.storyboard */,
			);
			path = View;
			sourceTree = "<group>";
		};
		33C727D01FB4188300BDD014 /* Controller */ = {
			isa = PBXGroup;
			children = (
				33B74DC91F9D82170084C28F /* AppDelegate.swift */,
				3301F58E1FA713CE00A022F3 /* NovoEntryViewController.swift */,
				33B74DDE1F9D85050084C28F /* LoginViewController.swift */,
				33B74DE01F9D851C0084C28F /* RegisterViewController.swift */,
				33CABCEF1FB05F4500B20C85 /* SetUpProfilePictureViewController.swift */,
				332090251FA07E640079A645 /* SetUpPasswordViewController.swift */,
				332090271FA10E1B0079A645 /* SetUpProfileViewController.swift */,
				33B74DE41F9DD1D20084C28F /* LoggedViewController.swift */,
				33C727D51FB419D900BDD014 /* WelcomeLoggedViewController.swift */,
			);
			path = Controller;
			sourceTree = "<group>";
		};
		33C727D41FB4193D00BDD014 /* Module */ = {
			isa = PBXGroup;
			children = (
				33C727D71FB41CC300BDD014 /* Other Files */,
				33B74DE71F9DDB760084C28F /* User.swift */,
				33B300261FAE662100860E48 /* CustomTextField.swift */,
			);
			path = Module;
			sourceTree = "<group>";
		};
		33C727D71FB41CC300BDD014 /* Other Files */ = {
			isa = PBXGroup;
			children = (
				33B74DD01F9D82170084C28F /* Assets.xcassets */,
				33B74DD51F9D82170084C28F /* Info.plist */,
				33B74DE21F9DC99E0084C28F /* GoogleService-Info.plist */,
			);
			name = "Other Files";
			path = ..;
			sourceTree = "<group>";
		};
		655D568A76949D8336EA354D /* Frameworks */ = {
			isa = PBXGroup;
			children = (
				7225E49B554F844870B4B58C /* Pods_Eventos.framework */,
			);
			name = Frameworks;
			sourceTree = "<group>";
		};
		86AE9AEEFC7FF23CDFC9FE59 /* Pods */ = {
			isa = PBXGroup;
			children = (
				202F61B23E4A843C9AEDE7A2 /* Pods-Eventos.debug.xcconfig */,
				2B0C41BD53FAD42889886B45 /* Pods-Eventos.release.xcconfig */,
			);
			name = Pods;
			sourceTree = "<group>";
		};
/* End PBXGroup section */

/* Begin PBXNativeTarget section */
		33B74DC51F9D82170084C28F /* Eventos */ = {
			isa = PBXNativeTarget;
			buildConfigurationList = 33B74DD81F9D82170084C28F /* Build configuration list for PBXNativeTarget "Eventos" */;
			buildPhases = (
				8DF9F468BF2ABE32D546D0A9 /* [CP] Check Pods Manifest.lock */,
				33B74DC21F9D82170084C28F /* Sources */,
				33B74DC31F9D82170084C28F /* Frameworks */,
				33B74DC41F9D82170084C28F /* Resources */,
				8747C178F67C0C1993E52B97 /* [CP] Embed Pods Frameworks */,
				BA7D0A73C4625DA739544E98 /* [CP] Copy Pods Resources */,
			);
			buildRules = (
			);
			dependencies = (
			);
			name = Eventos;
			productName = Eventos;
			productReference = 33B74DC61F9D82170084C28F /* Eventos.app */;
			productType = "com.apple.product-type.application";
		};
/* End PBXNativeTarget section */

/* Begin PBXProject section */
		33B74DBE1F9D82170084C28F /* Project object */ = {
			isa = PBXProject;
			attributes = {
				LastSwiftUpdateCheck = 0900;
				LastUpgradeCheck = 0900;
				ORGANIZATIONNAME = "Gabriel Mascarenhas";
				TargetAttributes = {
					33B74DC51F9D82170084C28F = {
						CreatedOnToolsVersion = 9.0;
						ProvisioningStyle = Automatic;
					};
				};
			};
			buildConfigurationList = 33B74DC11F9D82170084C28F /* Build configuration list for PBXProject "Eventos" */;
			compatibilityVersion = "Xcode 8.0";
			developmentRegion = en;
			hasScannedForEncodings = 0;
			knownRegions = (
				en,
				Base,
			);
			mainGroup = 33B74DBD1F9D82170084C28F;
			productRefGroup = 33B74DC71F9D82170084C28F /* Products */;
			projectDirPath = "";
			projectRoot = "";
			targets = (
				33B74DC51F9D82170084C28F /* Eventos */,
			);
		};
/* End PBXProject section */

/* Begin PBXResourcesBuildPhase section */
		33B74DC41F9D82170084C28F /* Resources */ = {
			isa = PBXResourcesBuildPhase;
			buildActionMask = 2147483647;
			files = (
				33B74DD41F9D82170084C28F /* LaunchScreen.storyboard in Resources */,
				33B74DE31F9DC9A10084C28F /* GoogleService-Info.plist in Resources */,
				33B74DD11F9D82170084C28F /* Assets.xcassets in Resources */,
				33B74DCF1F9D82170084C28F /* Main.storyboard in Resources */,
			);
			runOnlyForDeploymentPostprocessing = 0;
		};
/* End PBXResourcesBuildPhase section */

/* Begin PBXShellScriptBuildPhase section */
		8747C178F67C0C1993E52B97 /* [CP] Embed Pods Frameworks */ = {
			isa = PBXShellScriptBuildPhase;
			buildActionMask = 2147483647;
			files = (
			);
			inputPaths = (
				"${SRCROOT}/Pods/Target Support Files/Pods-Eventos/Pods-Eventos-frameworks.sh",
				"${BUILT_PRODUCTS_DIR}/Bolts/Bolts.framework",
				"${BUILT_PRODUCTS_DIR}/FBSDKCoreKit/FBSDKCoreKit.framework",
				"${BUILT_PRODUCTS_DIR}/FBSDKLoginKit/FBSDKLoginKit.framework",
				"${BUILT_PRODUCTS_DIR}/Fusuma/Fusuma.framework",
				"${BUILT_PRODUCTS_DIR}/GTMSessionFetcher/GTMSessionFetcher.framework",
				"${BUILT_PRODUCTS_DIR}/GoogleToolboxForMac/GoogleToolboxForMac.framework",
				"${BUILT_PRODUCTS_DIR}/SwiftyJSON/SwiftyJSON.framework",
				"${BUILT_PRODUCTS_DIR}/leveldb-library/leveldb.framework",
				"${BUILT_PRODUCTS_DIR}/nanopb/nanopb.framework",
			);
			name = "[CP] Embed Pods Frameworks";
			outputPaths = (
				"${TARGET_BUILD_DIR}/${FRAMEWORKS_FOLDER_PATH}/Bolts.framework",
				"${TARGET_BUILD_DIR}/${FRAMEWORKS_FOLDER_PATH}/FBSDKCoreKit.framework",
				"${TARGET_BUILD_DIR}/${FRAMEWORKS_FOLDER_PATH}/FBSDKLoginKit.framework",
				"${TARGET_BUILD_DIR}/${FRAMEWORKS_FOLDER_PATH}/Fusuma.framework",
				"${TARGET_BUILD_DIR}/${FRAMEWORKS_FOLDER_PATH}/GTMSessionFetcher.framework",
				"${TARGET_BUILD_DIR}/${FRAMEWORKS_FOLDER_PATH}/GoogleToolboxForMac.framework",
				"${TARGET_BUILD_DIR}/${FRAMEWORKS_FOLDER_PATH}/SwiftyJSON.framework",
				"${TARGET_BUILD_DIR}/${FRAMEWORKS_FOLDER_PATH}/leveldb.framework",
				"${TARGET_BUILD_DIR}/${FRAMEWORKS_FOLDER_PATH}/nanopb.framework",
			);
			runOnlyForDeploymentPostprocessing = 0;
			shellPath = /bin/sh;
			shellScript = "\"${SRCROOT}/Pods/Target Support Files/Pods-Eventos/Pods-Eventos-frameworks.sh\"\n";
			showEnvVarsInLog = 0;
		};
		8DF9F468BF2ABE32D546D0A9 /* [CP] Check Pods Manifest.lock */ = {
			isa = PBXShellScriptBuildPhase;
			buildActionMask = 2147483647;
			files = (
			);
			inputPaths = (
				"${PODS_PODFILE_DIR_PATH}/Podfile.lock",
				"${PODS_ROOT}/Manifest.lock",
			);
			name = "[CP] Check Pods Manifest.lock";
			outputPaths = (
				"$(DERIVED_FILE_DIR)/Pods-Eventos-checkManifestLockResult.txt",
			);
			runOnlyForDeploymentPostprocessing = 0;
			shellPath = /bin/sh;
			shellScript = "diff \"${PODS_PODFILE_DIR_PATH}/Podfile.lock\" \"${PODS_ROOT}/Manifest.lock\" > /dev/null\nif [ $? != 0 ] ; then\n    # print error to STDERR\n    echo \"error: The sandbox is not in sync with the Podfile.lock. Run 'pod install' or update your CocoaPods installation.\" >&2\n    exit 1\nfi\n# This output is used by Xcode 'outputs' to avoid re-running this script phase.\necho \"SUCCESS\" > \"${SCRIPT_OUTPUT_FILE_0}\"\n";
			showEnvVarsInLog = 0;
		};
		BA7D0A73C4625DA739544E98 /* [CP] Copy Pods Resources */ = {
			isa = PBXShellScriptBuildPhase;
			buildActionMask = 2147483647;
			files = (
			);
			inputPaths = (
			);
			name = "[CP] Copy Pods Resources";
			outputPaths = (
			);
			runOnlyForDeploymentPostprocessing = 0;
			shellPath = /bin/sh;
			shellScript = "\"${SRCROOT}/Pods/Target Support Files/Pods-Eventos/Pods-Eventos-resources.sh\"\n";
			showEnvVarsInLog = 0;
		};
/* End PBXShellScriptBuildPhase section */

/* Begin PBXSourcesBuildPhase section */
		33B74DC21F9D82170084C28F /* Sources */ = {
			isa = PBXSourcesBuildPhase;
			buildActionMask = 2147483647;
			files = (
				332090281FA10E1B0079A645 /* SetUpProfileViewController.swift in Sources */,
				33B74DDF1F9D85050084C28F /* LoginViewController.swift in Sources */,
				33B74DE81F9DDB760084C28F /* User.swift in Sources */,
				3301F58F1FA713CE00A022F3 /* NovoEntryViewController.swift in Sources */,
				33B74DE51F9DD1D20084C28F /* LoggedViewController.swift in Sources */,
				33B74DCA1F9D82170084C28F /* AppDelegate.swift in Sources */,
				332090261FA07E640079A645 /* SetUpPasswordViewController.swift in Sources */,
				33C727D61FB419D900BDD014 /* WelcomeLoggedViewController.swift in Sources */,
				33CABCF01FB05F4500B20C85 /* SetUpProfilePictureViewController.swift in Sources */,
				33B300271FAE662100860E48 /* CustomTextField.swift in Sources */,
				33B74DE11F9D851C0084C28F /* RegisterViewController.swift in Sources */,
			);
			runOnlyForDeploymentPostprocessing = 0;
		};
/* End PBXSourcesBuildPhase section */

/* Begin PBXVariantGroup section */
		33B74DCD1F9D82170084C28F /* Main.storyboard */ = {
			isa = PBXVariantGroup;
			children = (
				33B74DCE1F9D82170084C28F /* Base */,
			);
			name = Main.storyboard;
			sourceTree = "<group>";
		};
		33B74DD21F9D82170084C28F /* LaunchScreen.storyboard */ = {
			isa = PBXVariantGroup;
			children = (
				33B74DD31F9D82170084C28F /* Base */,
			);
			name = LaunchScreen.storyboard;
			sourceTree = "<group>";
		};
/* End PBXVariantGroup section */

/* Begin XCBuildConfiguration section */
		33B74DD61F9D82170084C28F /* Debug */ = {
			isa = XCBuildConfiguration;
			buildSettings = {
				ALWAYS_SEARCH_USER_PATHS = NO;
				CLANG_ANALYZER_NONNULL = YES;
				CLANG_ANALYZER_NUMBER_OBJECT_CONVERSION = YES_AGGRESSIVE;
				CLANG_CXX_LANGUAGE_STANDARD = "gnu++14";
				CLANG_CXX_LIBRARY = "libc++";
				CLANG_ENABLE_MODULES = YES;
				CLANG_ENABLE_OBJC_ARC = YES;
				CLANG_WARN_BLOCK_CAPTURE_AUTORELEASING = YES;
				CLANG_WARN_BOOL_CONVERSION = YES;
				CLANG_WARN_COMMA = YES;
				CLANG_WARN_CONSTANT_CONVERSION = YES;
				CLANG_WARN_DIRECT_OBJC_ISA_USAGE = YES_ERROR;
				CLANG_WARN_DOCUMENTATION_COMMENTS = YES;
				CLANG_WARN_EMPTY_BODY = YES;
				CLANG_WARN_ENUM_CONVERSION = YES;
				CLANG_WARN_INFINITE_RECURSION = YES;
				CLANG_WARN_INT_CONVERSION = YES;
				CLANG_WARN_NON_LITERAL_NULL_CONVERSION = YES;
				CLANG_WARN_OBJC_LITERAL_CONVERSION = YES;
				CLANG_WARN_OBJC_ROOT_CLASS = YES_ERROR;
				CLANG_WARN_RANGE_LOOP_ANALYSIS = YES;
				CLANG_WARN_STRICT_PROTOTYPES = YES;
				CLANG_WARN_SUSPICIOUS_MOVE = YES;
				CLANG_WARN_UNGUARDED_AVAILABILITY = YES_AGGRESSIVE;
				CLANG_WARN_UNREACHABLE_CODE = YES;
				CLANG_WARN__DUPLICATE_METHOD_MATCH = YES;
				CODE_SIGN_IDENTITY = "iPhone Developer";
				COPY_PHASE_STRIP = NO;
				DEBUG_ACTIVITY_MODE = "";
				DEBUG_INFORMATION_FORMAT = dwarf;
				ENABLE_STRICT_OBJC_MSGSEND = YES;
				ENABLE_TESTABILITY = YES;
				GCC_C_LANGUAGE_STANDARD = gnu11;
				GCC_DYNAMIC_NO_PIC = NO;
				GCC_NO_COMMON_BLOCKS = YES;
				GCC_OPTIMIZATION_LEVEL = 0;
				GCC_PREPROCESSOR_DEFINITIONS = (
					"DEBUG=1",
					"$(inherited)",
				);
				GCC_WARN_64_TO_32_BIT_CONVERSION = YES;
				GCC_WARN_ABOUT_RETURN_TYPE = YES_ERROR;
				GCC_WARN_UNDECLARED_SELECTOR = YES;
				GCC_WARN_UNINITIALIZED_AUTOS = YES_AGGRESSIVE;
				GCC_WARN_UNUSED_FUNCTION = YES;
				GCC_WARN_UNUSED_VARIABLE = YES;
				IPHONEOS_DEPLOYMENT_TARGET = 10.0;
				MTL_ENABLE_DEBUG_INFO = YES;
				"MTL_ENABLE_DEBUG_INFO[sdk=iphonesimulator*]" = default;
				ONLY_ACTIVE_ARCH = YES;
				SDKROOT = iphoneos;
				SWIFT_ACTIVE_COMPILATION_CONDITIONS = DEBUG;
				SWIFT_OPTIMIZATION_LEVEL = "-Onone";
			};
			name = Debug;
		};
		33B74DD71F9D82170084C28F /* Release */ = {
			isa = XCBuildConfiguration;
			buildSettings = {
				ALWAYS_SEARCH_USER_PATHS = NO;
				CLANG_ANALYZER_NONNULL = YES;
				CLANG_ANALYZER_NUMBER_OBJECT_CONVERSION = YES_AGGRESSIVE;
				CLANG_CXX_LANGUAGE_STANDARD = "gnu++14";
				CLANG_CXX_LIBRARY = "libc++";
				CLANG_ENABLE_MODULES = YES;
				CLANG_ENABLE_OBJC_ARC = YES;
				CLANG_WARN_BLOCK_CAPTURE_AUTORELEASING = YES;
				CLANG_WARN_BOOL_CONVERSION = YES;
				CLANG_WARN_COMMA = YES;
				CLANG_WARN_CONSTANT_CONVERSION = YES;
				CLANG_WARN_DIRECT_OBJC_ISA_USAGE = YES_ERROR;
				CLANG_WARN_DOCUMENTATION_COMMENTS = YES;
				CLANG_WARN_EMPTY_BODY = YES;
				CLANG_WARN_ENUM_CONVERSION = YES;
				CLANG_WARN_INFINITE_RECURSION = YES;
				CLANG_WARN_INT_CONVERSION = YES;
				CLANG_WARN_NON_LITERAL_NULL_CONVERSION = YES;
				CLANG_WARN_OBJC_LITERAL_CONVERSION = YES;
				CLANG_WARN_OBJC_ROOT_CLASS = YES_ERROR;
				CLANG_WARN_RANGE_LOOP_ANALYSIS = YES;
				CLANG_WARN_STRICT_PROTOTYPES = YES;
				CLANG_WARN_SUSPICIOUS_MOVE = YES;
				CLANG_WARN_UNGUARDED_AVAILABILITY = YES_AGGRESSIVE;
				CLANG_WARN_UNREACHABLE_CODE = YES;
				CLANG_WARN__DUPLICATE_METHOD_MATCH = YES;
				CODE_SIGN_IDENTITY = "iPhone Developer";
				COPY_PHASE_STRIP = NO;
				DEBUG_ACTIVITY_MODE = "";
				DEBUG_INFORMATION_FORMAT = "dwarf-with-dsym";
				ENABLE_NS_ASSERTIONS = NO;
				ENABLE_STRICT_OBJC_MSGSEND = YES;
				GCC_C_LANGUAGE_STANDARD = gnu11;
				GCC_NO_COMMON_BLOCKS = YES;
				GCC_WARN_64_TO_32_BIT_CONVERSION = YES;
				GCC_WARN_ABOUT_RETURN_TYPE = YES_ERROR;
				GCC_WARN_UNDECLARED_SELECTOR = YES;
				GCC_WARN_UNINITIALIZED_AUTOS = YES_AGGRESSIVE;
				GCC_WARN_UNUSED_FUNCTION = YES;
				GCC_WARN_UNUSED_VARIABLE = YES;
				IPHONEOS_DEPLOYMENT_TARGET = 10.0;
				MTL_ENABLE_DEBUG_INFO = NO;
				SDKROOT = iphoneos;
				SWIFT_OPTIMIZATION_LEVEL = "-Owholemodule";
				VALIDATE_PRODUCT = YES;
			};
			name = Release;
		};
		33B74DD91F9D82170084C28F /* Debug */ = {
			isa = XCBuildConfiguration;
			baseConfigurationReference = 202F61B23E4A843C9AEDE7A2 /* Pods-Eventos.debug.xcconfig */;
			buildSettings = {
				ASSETCATALOG_COMPILER_APPICON_NAME = AppIcon;
				CODE_SIGN_STYLE = Automatic;
				DEVELOPMENT_TEAM = QK35H7PLA9;
				INFOPLIST_FILE = Eventos/Info.plist;
				IPHONEOS_DEPLOYMENT_TARGET = 10.0;
				LD_RUNPATH_SEARCH_PATHS = "$(inherited) @executable_path/Frameworks";
				MTL_ENABLE_DEBUG_INFO = YES;
				PRODUCT_BUNDLE_IDENTIFIER = com.GbMasca.Eventos;
				PRODUCT_NAME = "$(TARGET_NAME)";
				SWIFT_VERSION = 4.0;
				TARGETED_DEVICE_FAMILY = 1;
			};
			name = Debug;
		};
		33B74DDA1F9D82170084C28F /* Release */ = {
			isa = XCBuildConfiguration;
			baseConfigurationReference = 2B0C41BD53FAD42889886B45 /* Pods-Eventos.release.xcconfig */;
			buildSettings = {
				ASSETCATALOG_COMPILER_APPICON_NAME = AppIcon;
				CODE_SIGN_STYLE = Automatic;
				DEVELOPMENT_TEAM = QK35H7PLA9;
				INFOPLIST_FILE = Eventos/Info.plist;
				IPHONEOS_DEPLOYMENT_TARGET = 10.0;
				LD_RUNPATH_SEARCH_PATHS = "$(inherited) @executable_path/Frameworks";
				PRODUCT_BUNDLE_IDENTIFIER = com.GbMasca.Eventos;
				PRODUCT_NAME = "$(TARGET_NAME)";
				SWIFT_VERSION = 4.0;
				TARGETED_DEVICE_FAMILY = 1;
			};
			name = Release;
		};
/* End XCBuildConfiguration section */

/* Begin XCConfigurationList section */
		33B74DC11F9D82170084C28F /* Build configuration list for PBXProject "Eventos" */ = {
			isa = XCConfigurationList;
			buildConfigurations = (
				33B74DD61F9D82170084C28F /* Debug */,
				33B74DD71F9D82170084C28F /* Release */,
			);
			defaultConfigurationIsVisible = 0;
			defaultConfigurationName = Release;
		};
		33B74DD81F9D82170084C28F /* Build configuration list for PBXNativeTarget "Eventos" */ = {
			isa = XCConfigurationList;
			buildConfigurations = (
				33B74DD91F9D82170084C28F /* Debug */,
				33B74DDA1F9D82170084C28F /* Release */,
			);
			defaultConfigurationIsVisible = 0;
			defaultConfigurationName = Release;
		};
/* End XCConfigurationList section */
	};
	rootObject = 33B74DBE1F9D82170084C28F /* Project object */;
}
